// !$*UTF8*$!
{
	archiveVersion = 1;
	classes = {
	};
	objectVersion = 55;
	objects = {

/* Begin PBXBuildFile section */
		CA6A617728A6DDD000625E55 /* GFButton.swift in Sources */ = {isa = PBXBuildFile; fileRef = CA6A617628A6DDD000625E55 /* GFButton.swift */; };
		CA6A617928A6DDD400625E55 /* GFTextField.swift in Sources */ = {isa = PBXBuildFile; fileRef = CA6A617828A6DDD400625E55 /* GFTextField.swift */; };
		CA6A617B28A6EDB400625E55 /* FollowerListViewController.swift in Sources */ = {isa = PBXBuildFile; fileRef = CA6A617A28A6EDB400625E55 /* FollowerListViewController.swift */; };
		CA6A617D28A8311C00625E55 /* GFTitleLabel.swift in Sources */ = {isa = PBXBuildFile; fileRef = CA6A617C28A8311C00625E55 /* GFTitleLabel.swift */; };
		CA6A617F28A8327300625E55 /* GFBodyLabel.swift in Sources */ = {isa = PBXBuildFile; fileRef = CA6A617E28A8327300625E55 /* GFBodyLabel.swift */; };
		CA6A618228A8344800625E55 /* GFAlertViewController.swift in Sources */ = {isa = PBXBuildFile; fileRef = CA6A618128A8344800625E55 /* GFAlertViewController.swift */; };
		CA6A618428A83A8200625E55 /* UIViewController+Extension.swift in Sources */ = {isa = PBXBuildFile; fileRef = CA6A618328A83A8200625E55 /* UIViewController+Extension.swift */; };
		CA89115728A5923F00CBEC57 /* SearchViewController.swift in Sources */ = {isa = PBXBuildFile; fileRef = CA89115628A5923F00CBEC57 /* SearchViewController.swift */; };
		CA89115928A5927800CBEC57 /* FavoritesViewController.swift in Sources */ = {isa = PBXBuildFile; fileRef = CA89115828A5927800CBEC57 /* FavoritesViewController.swift */; };
		CAE8CE9A28A58C20007C7F11 /* AppDelegate.swift in Sources */ = {isa = PBXBuildFile; fileRef = CAE8CE9928A58C20007C7F11 /* AppDelegate.swift */; };
		CAE8CE9C28A58C20007C7F11 /* SceneDelegate.swift in Sources */ = {isa = PBXBuildFile; fileRef = CAE8CE9B28A58C20007C7F11 /* SceneDelegate.swift */; };
		CAE8CEA328A58C22007C7F11 /* Assets.xcassets in Resources */ = {isa = PBXBuildFile; fileRef = CAE8CEA228A58C22007C7F11 /* Assets.xcassets */; };
		CAE8CEA628A58C22007C7F11 /* LaunchScreen.storyboard in Resources */ = {isa = PBXBuildFile; fileRef = CAE8CEA428A58C22007C7F11 /* LaunchScreen.storyboard */; };
/* End PBXBuildFile section */

/* Begin PBXFileReference section */
		CA6A617628A6DDD000625E55 /* GFButton.swift */ = {isa = PBXFileReference; fileEncoding = 4; lastKnownFileType = sourcecode.swift; path = GFButton.swift; sourceTree = "<group>"; };
		CA6A617828A6DDD400625E55 /* GFTextField.swift */ = {isa = PBXFileReference; fileEncoding = 4; lastKnownFileType = sourcecode.swift; path = GFTextField.swift; sourceTree = "<group>"; };
		CA6A617A28A6EDB400625E55 /* FollowerListViewController.swift */ = {isa = PBXFileReference; lastKnownFileType = sourcecode.swift; path = FollowerListViewController.swift; sourceTree = "<group>"; };
		CA6A617C28A8311C00625E55 /* GFTitleLabel.swift */ = {isa = PBXFileReference; lastKnownFileType = sourcecode.swift; path = GFTitleLabel.swift; sourceTree = "<group>"; };
		CA6A617E28A8327300625E55 /* GFBodyLabel.swift */ = {isa = PBXFileReference; lastKnownFileType = sourcecode.swift; path = GFBodyLabel.swift; sourceTree = "<group>"; };
		CA6A618128A8344800625E55 /* GFAlertViewController.swift */ = {isa = PBXFileReference; lastKnownFileType = sourcecode.swift; path = GFAlertViewController.swift; sourceTree = "<group>"; };
		CA6A618328A83A8200625E55 /* UIViewController+Extension.swift */ = {isa = PBXFileReference; lastKnownFileType = sourcecode.swift; path = "UIViewController+Extension.swift"; sourceTree = "<group>"; };
		CA89115628A5923F00CBEC57 /* SearchViewController.swift */ = {isa = PBXFileReference; lastKnownFileType = sourcecode.swift; path = SearchViewController.swift; sourceTree = "<group>"; };
		CA89115828A5927800CBEC57 /* FavoritesViewController.swift */ = {isa = PBXFileReference; lastKnownFileType = sourcecode.swift; path = FavoritesViewController.swift; sourceTree = "<group>"; };
		CAE8CE9628A58C20007C7F11 /* github-followers.app */ = {isa = PBXFileReference; explicitFileType = wrapper.application; includeInIndex = 0; path = "github-followers.app"; sourceTree = BUILT_PRODUCTS_DIR; };
		CAE8CE9928A58C20007C7F11 /* AppDelegate.swift */ = {isa = PBXFileReference; lastKnownFileType = sourcecode.swift; path = AppDelegate.swift; sourceTree = "<group>"; };
		CAE8CE9B28A58C20007C7F11 /* SceneDelegate.swift */ = {isa = PBXFileReference; lastKnownFileType = sourcecode.swift; path = SceneDelegate.swift; sourceTree = "<group>"; };
		CAE8CEA228A58C22007C7F11 /* Assets.xcassets */ = {isa = PBXFileReference; lastKnownFileType = folder.assetcatalog; path = Assets.xcassets; sourceTree = "<group>"; };
		CAE8CEA528A58C22007C7F11 /* Base */ = {isa = PBXFileReference; lastKnownFileType = file.storyboard; name = Base; path = Base.lproj/LaunchScreen.storyboard; sourceTree = "<group>"; };
		CAE8CEA728A58C22007C7F11 /* Info.plist */ = {isa = PBXFileReference; lastKnownFileType = text.plist.xml; path = Info.plist; sourceTree = "<group>"; };
/* End PBXFileReference section */

/* Begin PBXFrameworksBuildPhase section */
		CAE8CE9328A58C20007C7F11 /* Frameworks */ = {
			isa = PBXFrameworksBuildPhase;
			buildActionMask = 2147483647;
			files = (
			);
			runOnlyForDeploymentPostprocessing = 0;
		};
/* End PBXFrameworksBuildPhase section */

/* Begin PBXGroup section */
		CA6A618028A832F000625E55 /* Resources */ = {
			isa = PBXGroup;
			children = (
				CAE8CEA228A58C22007C7F11 /* Assets.xcassets */,
				CAE8CEA428A58C22007C7F11 /* LaunchScreen.storyboard */,
				CAE8CEA728A58C22007C7F11 /* Info.plist */,
			);
			path = Resources;
			sourceTree = "<group>";
		};
		CA6A618528A840C600625E55 /* Screens */ = {
			isa = PBXGroup;
			children = (
				CA6A618128A8344800625E55 /* GFAlertViewController.swift */,
				CA89115628A5923F00CBEC57 /* SearchViewController.swift */,
				CA6A617A28A6EDB400625E55 /* FollowerListViewController.swift */,
				CA89115828A5927800CBEC57 /* FavoritesViewController.swift */,
			);
			path = Screens;
			sourceTree = "<group>";
		};
		CA6A618628A8414400625E55 /* Custom Views */ = {
			isa = PBXGroup;
			children = (
				CA6A617628A6DDD000625E55 /* GFButton.swift */,
				CA6A617828A6DDD400625E55 /* GFTextField.swift */,
				CA6A617C28A8311C00625E55 /* GFTitleLabel.swift */,
				CA6A617E28A8327300625E55 /* GFBodyLabel.swift */,
			);
			path = "Custom Views";
			sourceTree = "<group>";
		};
		CA6A618728A8415B00625E55 /* Extensions */ = {
			isa = PBXGroup;
			children = (
				CA6A618328A83A8200625E55 /* UIViewController+Extension.swift */,
			);
			path = Extensions;
			sourceTree = "<group>";
		};
		CAE8CE8D28A58C20007C7F11 = {
			isa = PBXGroup;
			children = (
				CAE8CE9828A58C20007C7F11 /* github-followers */,
				CAE8CE9728A58C20007C7F11 /* Products */,
			);
			sourceTree = "<group>";
		};
		CAE8CE9728A58C20007C7F11 /* Products */ = {
			isa = PBXGroup;
			children = (
				CAE8CE9628A58C20007C7F11 /* github-followers.app */,
			);
			name = Products;
			sourceTree = "<group>";
		};
		CAE8CE9828A58C20007C7F11 /* github-followers */ = {
			isa = PBXGroup;
			children = (
				CAE8CE9928A58C20007C7F11 /* AppDelegate.swift */,
				CAE8CE9B28A58C20007C7F11 /* SceneDelegate.swift */,
				CA6A618628A8414400625E55 /* Custom Views */,
				CA6A618528A840C600625E55 /* Screens */,
				CA6A618728A8415B00625E55 /* Extensions */,
				CA6A618028A832F000625E55 /* Resources */,
			);
			path = "github-followers";
			sourceTree = "<group>";
		};
/* End PBXGroup section */

/* Begin PBXNativeTarget section */
		CAE8CE9528A58C20007C7F11 /* github-followers */ = {
			isa = PBXNativeTarget;
			buildConfigurationList = CAE8CEAA28A58C22007C7F11 /* Build configuration list for PBXNativeTarget "github-followers" */;
			buildPhases = (
				CAE8CE9228A58C20007C7F11 /* Sources */,
				CAE8CE9328A58C20007C7F11 /* Frameworks */,
				CAE8CE9428A58C20007C7F11 /* Resources */,
			);
			buildRules = (
			);
			dependencies = (
			);
			name = "github-followers";
			productName = "github-followers";
			productReference = CAE8CE9628A58C20007C7F11 /* github-followers.app */;
			productType = "com.apple.product-type.application";
		};
/* End PBXNativeTarget section */

/* Begin PBXProject section */
		CAE8CE8E28A58C20007C7F11 /* Project object */ = {
			isa = PBXProject;
			attributes = {
				BuildIndependentTargetsInParallel = 1;
				LastSwiftUpdateCheck = 1340;
				LastUpgradeCheck = 1340;
				TargetAttributes = {
					CAE8CE9528A58C20007C7F11 = {
						CreatedOnToolsVersion = 13.4.1;
					};
				};
			};
			buildConfigurationList = CAE8CE9128A58C20007C7F11 /* Build configuration list for PBXProject "github-followers" */;
			compatibilityVersion = "Xcode 13.0";
			developmentRegion = en;
			hasScannedForEncodings = 0;
			knownRegions = (
				en,
				Base,
			);
			mainGroup = CAE8CE8D28A58C20007C7F11;
			productRefGroup = CAE8CE9728A58C20007C7F11 /* Products */;
			projectDirPath = "";
			projectRoot = "";
			targets = (
				CAE8CE9528A58C20007C7F11 /* github-followers */,
			);
		};
/* End PBXProject section */

/* Begin PBXResourcesBuildPhase section */
		CAE8CE9428A58C20007C7F11 /* Resources */ = {
			isa = PBXResourcesBuildPhase;
			buildActionMask = 2147483647;
			files = (
				CAE8CEA628A58C22007C7F11 /* LaunchScreen.storyboard in Resources */,
				CAE8CEA328A58C22007C7F11 /* Assets.xcassets in Resources */,
			);
			runOnlyForDeploymentPostprocessing = 0;
		};
/* End PBXResourcesBuildPhase section */

/* Begin PBXSourcesBuildPhase section */
		CAE8CE9228A58C20007C7F11 /* Sources */ = {
			isa = PBXSourcesBuildPhase;
			buildActionMask = 2147483647;
			files = (
				CA6A618228A8344800625E55 /* GFAlertViewController.swift in Sources */,
				CA6A617928A6DDD400625E55 /* GFTextField.swift in Sources */,
				CA89115728A5923F00CBEC57 /* SearchViewController.swift in Sources */,
				CA6A618428A83A8200625E55 /* UIViewController+Extension.swift in Sources */,
				CA6A617728A6DDD000625E55 /* GFButton.swift in Sources */,
				CA6A617B28A6EDB400625E55 /* FollowerListViewController.swift in Sources */,
				CA6A617F28A8327300625E55 /* GFBodyLabel.swift in Sources */,
				CA6A617D28A8311C00625E55 /* GFTitleLabel.swift in Sources */,
				CAE8CE9A28A58C20007C7F11 /* AppDelegate.swift in Sources */,
				CA89115928A5927800CBEC57 /* FavoritesViewController.swift in Sources */,
				CAE8CE9C28A58C20007C7F11 /* SceneDelegate.swift in Sources */,
			);
			runOnlyForDeploymentPostprocessing = 0;
		};
/* End PBXSourcesBuildPhase section */

/* Begin PBXVariantGroup section */
		CAE8CEA428A58C22007C7F11 /* LaunchScreen.storyboard */ = {
			isa = PBXVariantGroup;
			children = (
				CAE8CEA528A58C22007C7F11 /* Base */,
			);
			name = LaunchScreen.storyboard;
			sourceTree = "<group>";
		};
/* End PBXVariantGroup section */

/* Begin XCBuildConfiguration section */
		CAE8CEA828A58C22007C7F11 /* Debug */ = {
			isa = XCBuildConfiguration;
			buildSettings = {
				ALWAYS_SEARCH_USER_PATHS = NO;
				CLANG_ANALYZER_NONNULL = YES;
				CLANG_ANALYZER_NUMBER_OBJECT_CONVERSION = YES_AGGRESSIVE;
				CLANG_CXX_LANGUAGE_STANDARD = "gnu++17";
				CLANG_ENABLE_MODULES = YES;
				CLANG_ENABLE_OBJC_ARC = YES;
				CLANG_ENABLE_OBJC_WEAK = YES;
				CLANG_WARN_BLOCK_CAPTURE_AUTORELEASING = YES;
				CLANG_WARN_BOOL_CONVERSION = YES;
				CLANG_WARN_COMMA = YES;
				CLANG_WARN_CONSTANT_CONVERSION = YES;
				CLANG_WARN_DEPRECATED_OBJC_IMPLEMENTATIONS = YES;
				CLANG_WARN_DIRECT_OBJC_ISA_USAGE = YES_ERROR;
				CLANG_WARN_DOCUMENTATION_COMMENTS = YES;
				CLANG_WARN_EMPTY_BODY = YES;
				CLANG_WARN_ENUM_CONVERSION = YES;
				CLANG_WARN_INFINITE_RECURSION = YES;
				CLANG_WARN_INT_CONVERSION = YES;
				CLANG_WARN_NON_LITERAL_NULL_CONVERSION = YES;
				CLANG_WARN_OBJC_IMPLICIT_RETAIN_SELF = YES;
				CLANG_WARN_OBJC_LITERAL_CONVERSION = YES;
				CLANG_WARN_OBJC_ROOT_CLASS = YES_ERROR;
				CLANG_WARN_QUOTED_INCLUDE_IN_FRAMEWORK_HEADER = YES;
				CLANG_WARN_RANGE_LOOP_ANALYSIS = YES;
				CLANG_WARN_STRICT_PROTOTYPES = YES;
				CLANG_WARN_SUSPICIOUS_MOVE = YES;
				CLANG_WARN_UNGUARDED_AVAILABILITY = YES_AGGRESSIVE;
				CLANG_WARN_UNREACHABLE_CODE = YES;
				CLANG_WARN__DUPLICATE_METHOD_MATCH = YES;
				COPY_PHASE_STRIP = NO;
				DEBUG_INFORMATION_FORMAT = dwarf;
				ENABLE_STRICT_OBJC_MSGSEND = YES;
				ENABLE_TESTABILITY = YES;
				GCC_C_LANGUAGE_STANDARD = gnu11;
				GCC_DYNAMIC_NO_PIC = NO;
				GCC_NO_COMMON_BLOCKS = YES;
				GCC_OPTIMIZATION_LEVEL = 0;
				GCC_PREPROCESSOR_DEFINITIONS = (
					"DEBUG=1",
					"$(inherited)",
				);
				GCC_WARN_64_TO_32_BIT_CONVERSION = YES;
				GCC_WARN_ABOUT_RETURN_TYPE = YES_ERROR;
				GCC_WARN_UNDECLARED_SELECTOR = YES;
				GCC_WARN_UNINITIALIZED_AUTOS = YES_AGGRESSIVE;
				GCC_WARN_UNUSED_FUNCTION = YES;
				GCC_WARN_UNUSED_VARIABLE = YES;
				IPHONEOS_DEPLOYMENT_TARGET = 15.5;
				MTL_ENABLE_DEBUG_INFO = INCLUDE_SOURCE;
				MTL_FAST_MATH = YES;
				ONLY_ACTIVE_ARCH = YES;
				SDKROOT = iphoneos;
				SWIFT_ACTIVE_COMPILATION_CONDITIONS = DEBUG;
				SWIFT_OPTIMIZATION_LEVEL = "-Onone";
			};
			name = Debug;
		};
		CAE8CEA928A58C22007C7F11 /* Release */ = {
			isa = XCBuildConfiguration;
			buildSettings = {
				ALWAYS_SEARCH_USER_PATHS = NO;
				CLANG_ANALYZER_NONNULL = YES;
				CLANG_ANALYZER_NUMBER_OBJECT_CONVERSION = YES_AGGRESSIVE;
				CLANG_CXX_LANGUAGE_STANDARD = "gnu++17";
				CLANG_ENABLE_MODULES = YES;
				CLANG_ENABLE_OBJC_ARC = YES;
				CLANG_ENABLE_OBJC_WEAK = YES;
				CLANG_WARN_BLOCK_CAPTURE_AUTORELEASING = YES;
				CLANG_WARN_BOOL_CONVERSION = YES;
				CLANG_WARN_COMMA = YES;
				CLANG_WARN_CONSTANT_CONVERSION = YES;
				CLANG_WARN_DEPRECATED_OBJC_IMPLEMENTATIONS = YES;
				CLANG_WARN_DIRECT_OBJC_ISA_USAGE = YES_ERROR;
				CLANG_WARN_DOCUMENTATION_COMMENTS = YES;
				CLANG_WARN_EMPTY_BODY = YES;
				CLANG_WARN_ENUM_CONVERSION = YES;
				CLANG_WARN_INFINITE_RECURSION = YES;
				CLANG_WARN_INT_CONVERSION = YES;
				CLANG_WARN_NON_LITERAL_NULL_CONVERSION = YES;
				CLANG_WARN_OBJC_IMPLICIT_RETAIN_SELF = YES;
				CLANG_WARN_OBJC_LITERAL_CONVERSION = YES;
				CLANG_WARN_OBJC_ROOT_CLASS = YES_ERROR;
				CLANG_WARN_QUOTED_INCLUDE_IN_FRAMEWORK_HEADER = YES;
				CLANG_WARN_RANGE_LOOP_ANALYSIS = YES;
				CLANG_WARN_STRICT_PROTOTYPES = YES;
				CLANG_WARN_SUSPICIOUS_MOVE = YES;
				CLANG_WARN_UNGUARDED_AVAILABILITY = YES_AGGRESSIVE;
				CLANG_WARN_UNREACHABLE_CODE = YES;
				CLANG_WARN__DUPLICATE_METHOD_MATCH = YES;
				COPY_PHASE_STRIP = NO;
				DEBUG_INFORMATION_FORMAT = "dwarf-with-dsym";
				ENABLE_NS_ASSERTIONS = NO;
				ENABLE_STRICT_OBJC_MSGSEND = YES;
				GCC_C_LANGUAGE_STANDARD = gnu11;
				GCC_NO_COMMON_BLOCKS = YES;
				GCC_WARN_64_TO_32_BIT_CONVERSION = YES;
				GCC_WARN_ABOUT_RETURN_TYPE = YES_ERROR;
				GCC_WARN_UNDECLARED_SELECTOR = YES;
				GCC_WARN_UNINITIALIZED_AUTOS = YES_AGGRESSIVE;
				GCC_WARN_UNUSED_FUNCTION = YES;
				GCC_WARN_UNUSED_VARIABLE = YES;
				IPHONEOS_DEPLOYMENT_TARGET = 15.5;
				MTL_ENABLE_DEBUG_INFO = NO;
				MTL_FAST_MATH = YES;
				SDKROOT = iphoneos;
				SWIFT_COMPILATION_MODE = wholemodule;
				SWIFT_OPTIMIZATION_LEVEL = "-O";
				VALIDATE_PRODUCT = YES;
			};
			name = Release;
		};
		CAE8CEAB28A58C22007C7F11 /* Debug */ = {
			isa = XCBuildConfiguration;
			buildSettings = {
				ASSETCATALOG_COMPILER_APPICON_NAME = AppIcon;
				ASSETCATALOG_COMPILER_GLOBAL_ACCENT_COLOR_NAME = AccentColor;
				CODE_SIGN_STYLE = Automatic;
				CURRENT_PROJECT_VERSION = 1;
				DEVELOPMENT_TEAM = TZALL639VQ;
				GENERATE_INFOPLIST_FILE = YES;
				INFOPLIST_FILE = "github-followers/Resources/Info.plist";
				INFOPLIST_KEY_UIApplicationSupportsIndirectInputEvents = YES;
				INFOPLIST_KEY_UILaunchStoryboardName = LaunchScreen;
				INFOPLIST_KEY_UISupportedInterfaceOrientations = UIInterfaceOrientationPortrait;
				INFOPLIST_KEY_UISupportedInterfaceOrientations_iPad = "UIInterfaceOrientationPortrait UIInterfaceOrientationPortraitUpsideDown UIInterfaceOrientationLandscapeLeft UIInterfaceOrientationLandscapeRight";
				INFOPLIST_KEY_UISupportedInterfaceOrientations_iPhone = "UIInterfaceOrientationPortrait UIInterfaceOrientationLandscapeLeft UIInterfaceOrientationLandscapeRight";
				LD_RUNPATH_SEARCH_PATHS = (
					"$(inherited)",
					"@executable_path/Frameworks",
				);
				MARKETING_VERSION = 1.0;
				PRODUCT_BUNDLE_IDENTIFIER = "muler.github-followers";
				PRODUCT_NAME = "$(TARGET_NAME)";
				SWIFT_EMIT_LOC_STRINGS = YES;
				SWIFT_VERSION = 5.0;
				TARGETED_DEVICE_FAMILY = "1,2";
			};
			name = Debug;
		};
		CAE8CEAC28A58C22007C7F11 /* Release */ = {
			isa = XCBuildConfiguration;
			buildSettings = {
				ASSETCATALOG_COMPILER_APPICON_NAME = AppIcon;
				ASSETCATALOG_COMPILER_GLOBAL_ACCENT_COLOR_NAME = AccentColor;
				CODE_SIGN_STYLE = Automatic;
				CURRENT_PROJECT_VERSION = 1;
				DEVELOPMENT_TEAM = TZALL639VQ;
				GENERATE_INFOPLIST_FILE = YES;
				INFOPLIST_FILE = "github-followers/Resources/Info.plist";
				INFOPLIST_KEY_UIApplicationSupportsIndirectInputEvents = YES;
				INFOPLIST_KEY_UILaunchStoryboardName = LaunchScreen;
				INFOPLIST_KEY_UISupportedInterfaceOrientations = UIInterfaceOrientationPortrait;
				INFOPLIST_KEY_UISupportedInterfaceOrientations_iPad = "UIInterfaceOrientationPortrait UIInterfaceOrientationPortraitUpsideDown UIInterfaceOrientationLandscapeLeft UIInterfaceOrientationLandscapeRight";
				INFOPLIST_KEY_UISupportedInterfaceOrientations_iPhone = "UIInterfaceOrientationPortrait UIInterfaceOrientationLandscapeLeft UIInterfaceOrientationLandscapeRight";
				LD_RUNPATH_SEARCH_PATHS = (
					"$(inherited)",
					"@executable_path/Frameworks",
				);
				MARKETING_VERSION = 1.0;
				PRODUCT_BUNDLE_IDENTIFIER = "muler.github-followers";
				PRODUCT_NAME = "$(TARGET_NAME)";
				SWIFT_EMIT_LOC_STRINGS = YES;
				SWIFT_VERSION = 5.0;
				TARGETED_DEVICE_FAMILY = "1,2";
			};
			name = Release;
		};
/* End XCBuildConfiguration section */

/* Begin XCConfigurationList section */
		CAE8CE9128A58C20007C7F11 /* Build configuration list for PBXProject "github-followers" */ = {
			isa = XCConfigurationList;
			buildConfigurations = (
				CAE8CEA828A58C22007C7F11 /* Debug */,
				CAE8CEA928A58C22007C7F11 /* Release */,
			);
			defaultConfigurationIsVisible = 0;
			defaultConfigurationName = Release;
		};
		CAE8CEAA28A58C22007C7F11 /* Build configuration list for PBXNativeTarget "github-followers" */ = {
			isa = XCConfigurationList;
			buildConfigurations = (
				CAE8CEAB28A58C22007C7F11 /* Debug */,
				CAE8CEAC28A58C22007C7F11 /* Release */,
			);
			defaultConfigurationIsVisible = 0;
			defaultConfigurationName = Release;
		};
/* End XCConfigurationList section */
	};
	rootObject = CAE8CE8E28A58C20007C7F11 /* Project object */;
}
